
Microsoft Visual Studio Solution File, Format Version 12.00
# Visual Studio Version 17
VisualStudioVersion = 17.3.32819.101
MinimumVisualStudioVersion = 10.0.40219.1
Project("{9A19103F-16F7-4668-BE54-9A1E7A4F7556}") = "FinderProject.Data", "FinderProject.Data\FinderProject.Data.csproj", "{B9752886-8985-4953-8A29-05629BD14AEB}"
EndProject
Project("{9A19103F-16F7-4668-BE54-9A1E7A4F7556}") = "FinderProject.DataAcces", "FinderProject.DataAcces\FinderProject.DataAcces.csproj", "{5C33A315-48CC-4395-9976-1FFA92089A62}"
EndProject
Project("{9A19103F-16F7-4668-BE54-9A1E7A4F7556}") = "FinderProject.Business", "FinderProject.Business\FinderProject.Business.csproj", "{1F9FEA62-977E-453E-AC18-148B0FCCB36E}"
EndProject
Project("{FAE04EC0-301F-11D3-BF4B-00C04F79EFBC}") = "FinderProject.API", "FinderProject.API\FinderProject.API.csproj", "{50AC2F5E-68B7-4030-B4C1-60B2FC879389}"
EndProject
Global
	GlobalSection(SolutionConfigurationPlatforms) = preSolution
		Debug|Any CPU = Debug|Any CPU
		Release|Any CPU = Release|Any CPU
	EndGlobalSection
	GlobalSection(ProjectConfigurationPlatforms) = postSolution
		{B9752886-8985-4953-8A29-05629BD14AEB}.Debug|Any CPU.ActiveCfg = Debug|Any CPU
		{B9752886-8985-4953-8A29-05629BD14AEB}.Debug|Any CPU.Build.0 = Debug|Any CPU
		{B9752886-8985-4953-8A29-05629BD14AEB}.Release|Any CPU.ActiveCfg = Release|Any CPU
		{B9752886-8985-4953-8A29-05629BD14AEB}.Release|Any CPU.Build.0 = Release|Any CPU
		{5C33A315-48CC-4395-9976-1FFA92089A62}.Debug|Any CPU.ActiveCfg = Debug|Any CPU
		{5C33A315-48CC-4395-9976-1FFA92089A62}.Debug|Any CPU.Build.0 = Debug|Any CPU
		{5C33A315-48CC-4395-9976-1FFA92089A62}.Release|Any CPU.ActiveCfg = Release|Any CPU
		{5C33A315-48CC-4395-9976-1FFA92089A62}.Release|Any CPU.Build.0 = Release|Any CPU
		{1F9FEA62-977E-453E-AC18-148B0FCCB36E}.Debug|Any CPU.ActiveCfg = Debug|Any CPU
		{1F9FEA62-977E-453E-AC18-148B0FCCB36E}.Debug|Any CPU.Build.0 = Debug|Any CPU
		{1F9FEA62-977E-453E-AC18-148B0FCCB36E}.Release|Any CPU.ActiveCfg = Release|Any CPU
		{1F9FEA62-977E-453E-AC18-148B0FCCB36E}.Release|Any CPU.Build.0 = Release|Any CPU
		{50AC2F5E-68B7-4030-B4C1-60B2FC879389}.Debug|Any CPU.ActiveCfg = Debug|Any CPU
		{50AC2F5E-68B7-4030-B4C1-60B2FC879389}.Debug|Any CPU.Build.0 = Debug|Any CPU
		{50AC2F5E-68B7-4030-B4C1-60B2FC879389}.Release|Any CPU.ActiveCfg = Release|Any CPU
		{50AC2F5E-68B7-4030-B4C1-60B2FC879389}.Release|Any CPU.Build.0 = Release|Any CPU
	EndGlobalSection
	GlobalSection(SolutionProperties) = preSolution
		HideSolutionNode = FALSE
	EndGlobalSection
	GlobalSection(ExtensibilityGlobals) = postSolution
		SolutionGuid = {067FB4DD-1CF0-4564-A452-69AD539A9170}
	EndGlobalSection
EndGlobal
